// !$*UTF8*$!
{
	archiveVersion = 1;
	classes = {
	};
	objectVersion = 77;
	objects = {

/* Begin PBXContainerItemProxy section */
		330717572DFBC5EB006C7EB3 /* PBXContainerItemProxy */ = {
			isa = PBXContainerItemProxy;
			containerPortal = 3307173E2DFBC5E8006C7EB3 /* Project object */;
			proxyType = 1;
			remoteGlobalIDString = 330717452DFBC5E8006C7EB3;
			remoteInfo = MobileChallengeUala;
		};
		330717612DFBC5EB006C7EB3 /* PBXContainerItemProxy */ = {
			isa = PBXContainerItemProxy;
			containerPortal = 3307173E2DFBC5E8006C7EB3 /* Project object */;
			proxyType = 1;
			remoteGlobalIDString = 330717452DFBC5E8006C7EB3;
			remoteInfo = MobileChallengeUala;
		};
/* End PBXContainerItemProxy section */

/* Begin PBXFileReference section */
		330717462DFBC5E8006C7EB3 /* MobileChallengeUala.app */ = {isa = PBXFileReference; explicitFileType = wrapper.application; includeInIndex = 0; path = MobileChallengeUala.app; sourceTree = BUILT_PRODUCTS_DIR; };
		330717562DFBC5EB006C7EB3 /* MobileChallengeUalaTests.xctest */ = {isa = PBXFileReference; explicitFileType = wrapper.cfbundle; includeInIndex = 0; path = MobileChallengeUalaTests.xctest; sourceTree = BUILT_PRODUCTS_DIR; };
		330717602DFBC5EB006C7EB3 /* MobileChallengeUalaUITests.xctest */ = {isa = PBXFileReference; explicitFileType = wrapper.cfbundle; includeInIndex = 0; path = MobileChallengeUalaUITests.xctest; sourceTree = BUILT_PRODUCTS_DIR; };
/* End PBXFileReference section */

/* Begin PBXFileSystemSynchronizedRootGroup section */
		330717482DFBC5E8006C7EB3 /* MobileChallengeUala */ = {
			isa = PBXFileSystemSynchronizedRootGroup;
			path = MobileChallengeUala;
			sourceTree = "<group>";
		};
		330717592DFBC5EB006C7EB3 /* MobileChallengeUalaTests */ = {
			isa = PBXFileSystemSynchronizedRootGroup;
			path = MobileChallengeUalaTests;
			sourceTree = "<group>";
		};
		330717632DFBC5EB006C7EB3 /* MobileChallengeUalaUITests */ = {
			isa = PBXFileSystemSynchronizedRootGroup;
			path = MobileChallengeUalaUITests;
			sourceTree = "<group>";
		};
/* End PBXFileSystemSynchronizedRootGroup section */

/* Begin PBXFrameworksBuildPhase section */
		330717432DFBC5E8006C7EB3 /* Frameworks */ = {
			isa = PBXFrameworksBuildPhase;
			buildActionMask = 2147483647;
			files = (
			);
			runOnlyForDeploymentPostprocessing = 0;
		};
		330717532DFBC5EB006C7EB3 /* Frameworks */ = {
			isa = PBXFrameworksBuildPhase;
			buildActionMask = 2147483647;
			files = (
			);
			runOnlyForDeploymentPostprocessing = 0;
		};
		3307175D2DFBC5EB006C7EB3 /* Frameworks */ = {
			isa = PBXFrameworksBuildPhase;
			buildActionMask = 2147483647;
			files = (
			);
			runOnlyForDeploymentPostprocessing = 0;
		};
/* End PBXFrameworksBuildPhase section */

/* Begin PBXGroup section */
		3307173D2DFBC5E8006C7EB3 = {
			isa = PBXGroup;
			children = (
				330717482DFBC5E8006C7EB3 /* MobileChallengeUala */,
				330717592DFBC5EB006C7EB3 /* MobileChallengeUalaTests */,
				330717632DFBC5EB006C7EB3 /* MobileChallengeUalaUITests */,
				330717472DFBC5E8006C7EB3 /* Products */,
			);
			sourceTree = "<group>";
		};
		330717472DFBC5E8006C7EB3 /* Products */ = {
			isa = PBXGroup;
			children = (
				330717462DFBC5E8006C7EB3 /* MobileChallengeUala.app */,
				330717562DFBC5EB006C7EB3 /* MobileChallengeUalaTests.xctest */,
				330717602DFBC5EB006C7EB3 /* MobileChallengeUalaUITests.xctest */,
			);
			name = Products;
			sourceTree = "<group>";
		};
/* End PBXGroup section */

/* Begin PBXNativeTarget section */
		330717452DFBC5E8006C7EB3 /* MobileChallengeUala */ = {
			isa = PBXNativeTarget;
			buildConfigurationList = 3307176A2DFBC5EB006C7EB3 /* Build configuration list for PBXNativeTarget "MobileChallengeUala" */;
			buildPhases = (
				330717422DFBC5E8006C7EB3 /* Sources */,
				330717432DFBC5E8006C7EB3 /* Frameworks */,
				330717442DFBC5E8006C7EB3 /* Resources */,
			);
			buildRules = (
			);
			dependencies = (
			);
			fileSystemSynchronizedGroups = (
				330717482DFBC5E8006C7EB3 /* MobileChallengeUala */,
			);
			name = MobileChallengeUala;
			packageProductDependencies = (
			);
			productName = MobileChallengeUala;
			productReference = 330717462DFBC5E8006C7EB3 /* MobileChallengeUala.app */;
			productType = "com.apple.product-type.application";
		};
		330717552DFBC5EB006C7EB3 /* MobileChallengeUalaTests */ = {
			isa = PBXNativeTarget;
			buildConfigurationList = 3307176D2DFBC5EB006C7EB3 /* Build configuration list for PBXNativeTarget "MobileChallengeUalaTests" */;
			buildPhases = (
				330717522DFBC5EB006C7EB3 /* Sources */,
				330717532DFBC5EB006C7EB3 /* Frameworks */,
				330717542DFBC5EB006C7EB3 /* Resources */,
			);
			buildRules = (
			);
			dependencies = (
				330717582DFBC5EB006C7EB3 /* PBXTargetDependency */,
			);
			fileSystemSynchronizedGroups = (
				330717592DFBC5EB006C7EB3 /* MobileChallengeUalaTests */,
			);
			name = MobileChallengeUalaTests;
			packageProductDependencies = (
			);
			productName = MobileChallengeUalaTests;
			productReference = 330717562DFBC5EB006C7EB3 /* MobileChallengeUalaTests.xctest */;
			productType = "com.apple.product-type.bundle.unit-test";
		};
		3307175F2DFBC5EB006C7EB3 /* MobileChallengeUalaUITests */ = {
			isa = PBXNativeTarget;
			buildConfigurationList = 330717702DFBC5EB006C7EB3 /* Build configuration list for PBXNativeTarget "MobileChallengeUalaUITests" */;
			buildPhases = (
				3307175C2DFBC5EB006C7EB3 /* Sources */,
				3307175D2DFBC5EB006C7EB3 /* Frameworks */,
				3307175E2DFBC5EB006C7EB3 /* Resources */,
			);
			buildRules = (
			);
			dependencies = (
				330717622DFBC5EB006C7EB3 /* PBXTargetDependency */,
			);
			fileSystemSynchronizedGroups = (
				330717632DFBC5EB006C7EB3 /* MobileChallengeUalaUITests */,
			);
			name = MobileChallengeUalaUITests;
			packageProductDependencies = (
			);
			productName = MobileChallengeUalaUITests;
			productReference = 330717602DFBC5EB006C7EB3 /* MobileChallengeUalaUITests.xctest */;
			productType = "com.apple.product-type.bundle.ui-testing";
		};
/* End PBXNativeTarget section */

/* Begin PBXProject section */
		3307173E2DFBC5E8006C7EB3 /* Project object */ = {
			isa = PBXProject;
			attributes = {
				BuildIndependentTargetsInParallel = 1;
				LastSwiftUpdateCheck = 1620;
				LastUpgradeCheck = 1620;
				TargetAttributes = {
					330717452DFBC5E8006C7EB3 = {
						CreatedOnToolsVersion = 16.2;
					};
					330717552DFBC5EB006C7EB3 = {
						CreatedOnToolsVersion = 16.2;
						TestTargetID = 330717452DFBC5E8006C7EB3;
					};
					3307175F2DFBC5EB006C7EB3 = {
						CreatedOnToolsVersion = 16.2;
						TestTargetID = 330717452DFBC5E8006C7EB3;
					};
				};
			};
			buildConfigurationList = 330717412DFBC5E8006C7EB3 /* Build configuration list for PBXProject "MobileChallengeUala" */;
			developmentRegion = en;
			hasScannedForEncodings = 0;
			knownRegions = (
				en,
				Base,
			);
			mainGroup = 3307173D2DFBC5E8006C7EB3;
			minimizedProjectReferenceProxies = 1;
			preferredProjectObjectVersion = 77;
			productRefGroup = 330717472DFBC5E8006C7EB3 /* Products */;
			projectDirPath = "";
			projectRoot = "";
			targets = (
				330717452DFBC5E8006C7EB3 /* MobileChallengeUala */,
				330717552DFBC5EB006C7EB3 /* MobileChallengeUalaTests */,
				3307175F2DFBC5EB006C7EB3 /* MobileChallengeUalaUITests */,
			);
		};
/* End PBXProject section */

/* Begin PBXResourcesBuildPhase section */
		330717442DFBC5E8006C7EB3 /* Resources */ = {
			isa = PBXResourcesBuildPhase;
			buildActionMask = 2147483647;
			files = (
			);
			runOnlyForDeploymentPostprocessing = 0;
		};
		330717542DFBC5EB006C7EB3 /* Resources */ = {
			isa = PBXResourcesBuildPhase;
			buildActionMask = 2147483647;
			files = (
			);
			runOnlyForDeploymentPostprocessing = 0;
		};
		3307175E2DFBC5EB006C7EB3 /* Resources */ = {
			isa = PBXResourcesBuildPhase;
			buildActionMask = 2147483647;
			files = (
			);
			runOnlyForDeploymentPostprocessing = 0;
		};
/* End PBXResourcesBuildPhase section */

/* Begin PBXSourcesBuildPhase section */
		330717422DFBC5E8006C7EB3 /* Sources */ = {
			isa = PBXSourcesBuildPhase;
			buildActionMask = 2147483647;
			files = (
			);
			runOnlyForDeploymentPostprocessing = 0;
		};
		330717522DFBC5EB006C7EB3 /* Sources */ = {
			isa = PBXSourcesBuildPhase;
			buildActionMask = 2147483647;
			files = (
			);
			runOnlyForDeploymentPostprocessing = 0;
		};
		3307175C2DFBC5EB006C7EB3 /* Sources */ = {
			isa = PBXSourcesBuildPhase;
			buildActionMask = 2147483647;
			files = (
			);
			runOnlyForDeploymentPostprocessing = 0;
		};
/* End PBXSourcesBuildPhase section */

/* Begin PBXTargetDependency section */
		330717582DFBC5EB006C7EB3 /* PBXTargetDependency */ = {
			isa = PBXTargetDependency;
			target = 330717452DFBC5E8006C7EB3 /* MobileChallengeUala */;
			targetProxy = 330717572DFBC5EB006C7EB3 /* PBXContainerItemProxy */;
		};
		330717622DFBC5EB006C7EB3 /* PBXTargetDependency */ = {
			isa = PBXTargetDependency;
			target = 330717452DFBC5E8006C7EB3 /* MobileChallengeUala */;
			targetProxy = 330717612DFBC5EB006C7EB3 /* PBXContainerItemProxy */;
		};
/* End PBXTargetDependency section */

/* Begin XCBuildConfiguration section */
		330717682DFBC5EB006C7EB3 /* Debug */ = {
			isa = XCBuildConfiguration;
			buildSettings = {
				ALWAYS_SEARCH_USER_PATHS = NO;
				ASSETCATALOG_COMPILER_GENERATE_SWIFT_ASSET_SYMBOL_EXTENSIONS = YES;
				CLANG_ANALYZER_NONNULL = YES;
				CLANG_ANALYZER_NUMBER_OBJECT_CONVERSION = YES_AGGRESSIVE;
				CLANG_CXX_LANGUAGE_STANDARD = "gnu++20";
				CLANG_ENABLE_MODULES = YES;
				CLANG_ENABLE_OBJC_ARC = YES;
				CLANG_ENABLE_OBJC_WEAK = YES;
				CLANG_WARN_BLOCK_CAPTURE_AUTORELEASING = YES;
				CLANG_WARN_BOOL_CONVERSION = YES;
				CLANG_WARN_COMMA = YES;
				CLANG_WARN_CONSTANT_CONVERSION = YES;
				CLANG_WARN_DEPRECATED_OBJC_IMPLEMENTATIONS = YES;
				CLANG_WARN_DIRECT_OBJC_ISA_USAGE = YES_ERROR;
				CLANG_WARN_DOCUMENTATION_COMMENTS = YES;
				CLANG_WARN_EMPTY_BODY = YES;
				CLANG_WARN_ENUM_CONVERSION = YES;
				CLANG_WARN_INFINITE_RECURSION = YES;
				CLANG_WARN_INT_CONVERSION = YES;
				CLANG_WARN_NON_LITERAL_NULL_CONVERSION = YES;
				CLANG_WARN_OBJC_IMPLICIT_RETAIN_SELF = YES;
				CLANG_WARN_OBJC_LITERAL_CONVERSION = YES;
				CLANG_WARN_OBJC_ROOT_CLASS = YES_ERROR;
				CLANG_WARN_QUOTED_INCLUDE_IN_FRAMEWORK_HEADER = YES;
				CLANG_WARN_RANGE_LOOP_ANALYSIS = YES;
				CLANG_WARN_STRICT_PROTOTYPES = YES;
				CLANG_WARN_SUSPICIOUS_MOVE = YES;
				CLANG_WARN_UNGUARDED_AVAILABILITY = YES_AGGRESSIVE;
				CLANG_WARN_UNREACHABLE_CODE = YES;
				CLANG_WARN__DUPLICATE_METHOD_MATCH = YES;
				COPY_PHASE_STRIP = NO;
				DEBUG_INFORMATION_FORMAT = dwarf;
				ENABLE_STRICT_OBJC_MSGSEND = YES;
				ENABLE_TESTABILITY = YES;
				ENABLE_USER_SCRIPT_SANDBOXING = YES;
				GCC_C_LANGUAGE_STANDARD = gnu17;
				GCC_DYNAMIC_NO_PIC = NO;
				GCC_NO_COMMON_BLOCKS = YES;
				GCC_OPTIMIZATION_LEVEL = 0;
				GCC_PREPROCESSOR_DEFINITIONS = (
					"DEBUG=1",
					"$(inherited)",
				);
				GCC_WARN_64_TO_32_BIT_CONVERSION = YES;
				GCC_WARN_ABOUT_RETURN_TYPE = YES_ERROR;
				GCC_WARN_UNDECLARED_SELECTOR = YES;
				GCC_WARN_UNINITIALIZED_AUTOS = YES_AGGRESSIVE;
				GCC_WARN_UNUSED_FUNCTION = YES;
				GCC_WARN_UNUSED_VARIABLE = YES;
				IPHONEOS_DEPLOYMENT_TARGET = 18.2;
				LOCALIZATION_PREFERS_STRING_CATALOGS = YES;
				MTL_ENABLE_DEBUG_INFO = INCLUDE_SOURCE;
				MTL_FAST_MATH = YES;
				ONLY_ACTIVE_ARCH = YES;
				SDKROOT = iphoneos;
				SWIFT_ACTIVE_COMPILATION_CONDITIONS = "DEBUG $(inherited)";
				SWIFT_OPTIMIZATION_LEVEL = "-Onone";
			};
			name = Debug;
		};
		330717692DFBC5EB006C7EB3 /* Release */ = {
			isa = XCBuildConfiguration;
			buildSettings = {
				ALWAYS_SEARCH_USER_PATHS = NO;
				ASSETCATALOG_COMPILER_GENERATE_SWIFT_ASSET_SYMBOL_EXTENSIONS = YES;
				CLANG_ANALYZER_NONNULL = YES;
				CLANG_ANALYZER_NUMBER_OBJECT_CONVERSION = YES_AGGRESSIVE;
				CLANG_CXX_LANGUAGE_STANDARD = "gnu++20";
				CLANG_ENABLE_MODULES = YES;
				CLANG_ENABLE_OBJC_ARC = YES;
				CLANG_ENABLE_OBJC_WEAK = YES;
				CLANG_WARN_BLOCK_CAPTURE_AUTORELEASING = YES;
				CLANG_WARN_BOOL_CONVERSION = YES;
				CLANG_WARN_COMMA = YES;
				CLANG_WARN_CONSTANT_CONVERSION = YES;
				CLANG_WARN_DEPRECATED_OBJC_IMPLEMENTATIONS = YES;
				CLANG_WARN_DIRECT_OBJC_ISA_USAGE = YES_ERROR;
				CLANG_WARN_DOCUMENTATION_COMMENTS = YES;
				CLANG_WARN_EMPTY_BODY = YES;
				CLANG_WARN_ENUM_CONVERSION = YES;
				CLANG_WARN_INFINITE_RECURSION = YES;
				CLANG_WARN_INT_CONVERSION = YES;
				CLANG_WARN_NON_LITERAL_NULL_CONVERSION = YES;
				CLANG_WARN_OBJC_IMPLICIT_RETAIN_SELF = YES;
				CLANG_WARN_OBJC_LITERAL_CONVERSION = YES;
				CLANG_WARN_OBJC_ROOT_CLASS = YES_ERROR;
				CLANG_WARN_QUOTED_INCLUDE_IN_FRAMEWORK_HEADER = YES;
				CLANG_WARN_RANGE_LOOP_ANALYSIS = YES;
				CLANG_WARN_STRICT_PROTOTYPES = YES;
				CLANG_WARN_SUSPICIOUS_MOVE = YES;
				CLANG_WARN_UNGUARDED_AVAILABILITY = YES_AGGRESSIVE;
				CLANG_WARN_UNREACHABLE_CODE = YES;
				CLANG_WARN__DUPLICATE_METHOD_MATCH = YES;
				COPY_PHASE_STRIP = NO;
				DEBUG_INFORMATION_FORMAT = "dwarf-with-dsym";
				ENABLE_NS_ASSERTIONS = NO;
				ENABLE_STRICT_OBJC_MSGSEND = YES;
				ENABLE_USER_SCRIPT_SANDBOXING = YES;
				GCC_C_LANGUAGE_STANDARD = gnu17;
				GCC_NO_COMMON_BLOCKS = YES;
				GCC_WARN_64_TO_32_BIT_CONVERSION = YES;
				GCC_WARN_ABOUT_RETURN_TYPE = YES_ERROR;
				GCC_WARN_UNDECLARED_SELECTOR = YES;
				GCC_WARN_UNINITIALIZED_AUTOS = YES_AGGRESSIVE;
				GCC_WARN_UNUSED_FUNCTION = YES;
				GCC_WARN_UNUSED_VARIABLE = YES;
				IPHONEOS_DEPLOYMENT_TARGET = 18.2;
				LOCALIZATION_PREFERS_STRING_CATALOGS = YES;
				MTL_ENABLE_DEBUG_INFO = NO;
				MTL_FAST_MATH = YES;
				SDKROOT = iphoneos;
				SWIFT_COMPILATION_MODE = wholemodule;
				VALIDATE_PRODUCT = YES;
			};
			name = Release;
		};
		3307176B2DFBC5EB006C7EB3 /* Debug */ = {
			isa = XCBuildConfiguration;
			buildSettings = {
				ASSETCATALOG_COMPILER_APPICON_NAME = AppIcon;
				ASSETCATALOG_COMPILER_GLOBAL_ACCENT_COLOR_NAME = AccentColor;
				CODE_SIGN_STYLE = Automatic;
				CURRENT_PROJECT_VERSION = 1;
				DEVELOPMENT_ASSET_PATHS = "\"MobileChallengeUala/Preview Content\"";
				DEVELOPMENT_TEAM = FAU7V338BL;
				ENABLE_PREVIEWS = YES;
				GENERATE_INFOPLIST_FILE = YES;
				INFOPLIST_KEY_UIApplicationSceneManifest_Generation = YES;
				INFOPLIST_KEY_UIApplicationSupportsIndirectInputEvents = YES;
				INFOPLIST_KEY_UILaunchScreen_Generation = YES;
				INFOPLIST_KEY_UISupportedInterfaceOrientations_iPad = "UIInterfaceOrientationPortrait UIInterfaceOrientationPortraitUpsideDown UIInterfaceOrientationLandscapeLeft UIInterfaceOrientationLandscapeRight";
				INFOPLIST_KEY_UISupportedInterfaceOrientations_iPhone = "UIInterfaceOrientationPortrait UIInterfaceOrientationLandscapeLeft UIInterfaceOrientationLandscapeRight";
				LD_RUNPATH_SEARCH_PATHS = (
					"$(inherited)",
					"@executable_path/Frameworks",
				);
				MARKETING_VERSION = 1.0;
				PRODUCT_BUNDLE_IDENTIFIER = sergio.MobileChallengeUala;
				PRODUCT_NAME = "$(TARGET_NAME)";
				SWIFT_EMIT_LOC_STRINGS = YES;
				SWIFT_VERSION = 5.0;
				TARGETED_DEVICE_FAMILY = "1,2";
			};
			name = Debug;
		};
		3307176C2DFBC5EB006C7EB3 /* Release */ = {
			isa = XCBuildConfiguration;
			buildSettings = {
				ASSETCATALOG_COMPILER_APPICON_NAME = AppIcon;
				ASSETCATALOG_COMPILER_GLOBAL_ACCENT_COLOR_NAME = AccentColor;
				CODE_SIGN_STYLE = Automatic;
				CURRENT_PROJECT_VERSION = 1;
				DEVELOPMENT_ASSET_PATHS = "\"MobileChallengeUala/Preview Content\"";
				DEVELOPMENT_TEAM = FAU7V338BL;
				ENABLE_PREVIEWS = YES;
				GENERATE_INFOPLIST_FILE = YES;
				INFOPLIST_KEY_UIApplicationSceneManifest_Generation = YES;
				INFOPLIST_KEY_UIApplicationSupportsIndirectInputEvents = YES;
				INFOPLIST_KEY_UILaunchScreen_Generation = YES;
				INFOPLIST_KEY_UISupportedInterfaceOrientations_iPad = "UIInterfaceOrientationPortrait UIInterfaceOrientationPortraitUpsideDown UIInterfaceOrientationLandscapeLeft UIInterfaceOrientationLandscapeRight";
				INFOPLIST_KEY_UISupportedInterfaceOrientations_iPhone = "UIInterfaceOrientationPortrait UIInterfaceOrientationLandscapeLeft UIInterfaceOrientationLandscapeRight";
				LD_RUNPATH_SEARCH_PATHS = (
					"$(inherited)",
					"@executable_path/Frameworks",
				);
				MARKETING_VERSION = 1.0;
				PRODUCT_BUNDLE_IDENTIFIER = sergio.MobileChallengeUala;
				PRODUCT_NAME = "$(TARGET_NAME)";
				SWIFT_EMIT_LOC_STRINGS = YES;
				SWIFT_VERSION = 5.0;
				TARGETED_DEVICE_FAMILY = "1,2";
			};
			name = Release;
		};
		3307176E2DFBC5EB006C7EB3 /* Debug */ = {
			isa = XCBuildConfiguration;
			buildSettings = {
				BUNDLE_LOADER = "$(TEST_HOST)";
				CODE_SIGN_STYLE = Automatic;
				CURRENT_PROJECT_VERSION = 1;
				DEVELOPMENT_TEAM = FAU7V338BL;
				GENERATE_INFOPLIST_FILE = YES;
				IPHONEOS_DEPLOYMENT_TARGET = 18.2;
				MARKETING_VERSION = 1.0;
				PRODUCT_BUNDLE_IDENTIFIER = sergio.MobileChallengeUalaTests;
				PRODUCT_NAME = "$(TARGET_NAME)";
				SWIFT_EMIT_LOC_STRINGS = NO;
				SWIFT_VERSION = 5.0;
				TARGETED_DEVICE_FAMILY = "1,2";
				TEST_HOST = "$(BUILT_PRODUCTS_DIR)/MobileChallengeUala.app/$(BUNDLE_EXECUTABLE_FOLDER_PATH)/MobileChallengeUala";
			};
			name = Debug;
		};
		3307176F2DFBC5EB006C7EB3 /* Release */ = {
			isa = XCBuildConfiguration;
			buildSettings = {
				BUNDLE_LOADER = "$(TEST_HOST)";
				CODE_SIGN_STYLE = Automatic;
				CURRENT_PROJECT_VERSION = 1;
				DEVELOPMENT_TEAM = FAU7V338BL;
				GENERATE_INFOPLIST_FILE = YES;
				IPHONEOS_DEPLOYMENT_TARGET = 18.2;
				MARKETING_VERSION = 1.0;
				PRODUCT_BUNDLE_IDENTIFIER = sergio.MobileChallengeUalaTests;
				PRODUCT_NAME = "$(TARGET_NAME)";
				SWIFT_EMIT_LOC_STRINGS = NO;
				SWIFT_VERSION = 5.0;
				TARGETED_DEVICE_FAMILY = "1,2";
				TEST_HOST = "$(BUILT_PRODUCTS_DIR)/MobileChallengeUala.app/$(BUNDLE_EXECUTABLE_FOLDER_PATH)/MobileChallengeUala";
			};
			name = Release;
		};
		330717712DFBC5EB006C7EB3 /* Debug */ = {
			isa = XCBuildConfiguration;
			buildSettings = {
				CODE_SIGN_STYLE = Automatic;
				CURRENT_PROJECT_VERSION = 1;
				DEVELOPMENT_TEAM = FAU7V338BL;
				GENERATE_INFOPLIST_FILE = YES;
				MARKETING_VERSION = 1.0;
				PRODUCT_BUNDLE_IDENTIFIER = sergio.MobileChallengeUalaUITests;
				PRODUCT_NAME = "$(TARGET_NAME)";
				SWIFT_EMIT_LOC_STRINGS = NO;
				SWIFT_VERSION = 5.0;
				TARGETED_DEVICE_FAMILY = "1,2";
				TEST_TARGET_NAME = MobileChallengeUala;
			};
			name = Debug;
		};
		330717722DFBC5EB006C7EB3 /* Release */ = {
			isa = XCBuildConfiguration;
			buildSettings = {
				CODE_SIGN_STYLE = Automatic;
				CURRENT_PROJECT_VERSION = 1;
				DEVELOPMENT_TEAM = FAU7V338BL;
				GENERATE_INFOPLIST_FILE = YES;
				MARKETING_VERSION = 1.0;
				PRODUCT_BUNDLE_IDENTIFIER = sergio.MobileChallengeUalaUITests;
				PRODUCT_NAME = "$(TARGET_NAME)";
				SWIFT_EMIT_LOC_STRINGS = NO;
				SWIFT_VERSION = 5.0;
				TARGETED_DEVICE_FAMILY = "1,2";
				TEST_TARGET_NAME = MobileChallengeUala;
			};
			name = Release;
		};
/* End XCBuildConfiguration section */

/* Begin XCConfigurationList section */
		330717412DFBC5E8006C7EB3 /* Build configuration list for PBXProject "MobileChallengeUala" */ = {
			isa = XCConfigurationList;
			buildConfigurations = (
				330717682DFBC5EB006C7EB3 /* Debug */,
				330717692DFBC5EB006C7EB3 /* Release */,
			);
			defaultConfigurationIsVisible = 0;
			defaultConfigurationName = Release;
		};
		3307176A2DFBC5EB006C7EB3 /* Build configuration list for PBXNativeTarget "MobileChallengeUala" */ = {
			isa = XCConfigurationList;
			buildConfigurations = (
				3307176B2DFBC5EB006C7EB3 /* Debug */,
				3307176C2DFBC5EB006C7EB3 /* Release */,
			);
			defaultConfigurationIsVisible = 0;
			defaultConfigurationName = Release;
		};
		3307176D2DFBC5EB006C7EB3 /* Build configuration list for PBXNativeTarget "MobileChallengeUalaTests" */ = {
			isa = XCConfigurationList;
			buildConfigurations = (
				3307176E2DFBC5EB006C7EB3 /* Debug */,
				3307176F2DFBC5EB006C7EB3 /* Release */,
			);
			defaultConfigurationIsVisible = 0;
			defaultConfigurationName = Release;
		};
		330717702DFBC5EB006C7EB3 /* Build configuration list for PBXNativeTarget "MobileChallengeUalaUITests" */ = {
			isa = XCConfigurationList;
			buildConfigurations = (
				330717712DFBC5EB006C7EB3 /* Debug */,
				330717722DFBC5EB006C7EB3 /* Release */,
			);
			defaultConfigurationIsVisible = 0;
			defaultConfigurationName = Release;
		};
/* End XCConfigurationList section */
	};
	rootObject = 3307173E2DFBC5E8006C7EB3 /* Project object */;
}
